
Microsoft Visual Studio Solution File, Format Version 12.00
# Visual Studio Version 17
VisualStudioVersion = 17.6.33815.320
MinimumVisualStudioVersion = 10.0.40219.1
Project("{888888A0-9F3D-457C-B088-3A5042F75D52}") = "estate-project- datas", "estate-project- datas\estate-project- datas.pyproj", "{3AFD677D-EF39-4714-B3D8-2B6C4A623D9F}"
EndProject
Global
	GlobalSection(SolutionConfigurationPlatforms) = preSolution
		Debug|Any CPU = Debug|Any CPU
		Release|Any CPU = Release|Any CPU
	EndGlobalSection
	GlobalSection(ProjectConfigurationPlatforms) = postSolution
		{3AFD677D-EF39-4714-B3D8-2B6C4A623D9F}.Debug|Any CPU.ActiveCfg = Debug|Any CPU
		{3AFD677D-EF39-4714-B3D8-2B6C4A623D9F}.Release|Any CPU.ActiveCfg = Release|Any CPU
	EndGlobalSection
	GlobalSection(SolutionProperties) = preSolution
		HideSolutionNode = FALSE
	EndGlobalSection
	GlobalSection(ExtensibilityGlobals) = postSolution
		SolutionGuid = {B753728C-C433-4582-A400-7D99F1B820F2}
	EndGlobalSection
EndGlobal
